
Microsoft Visual Studio Solution File, Format Version 12.00
# Visual Studio Version 17
VisualStudioVersion = 17.4.33205.214
MinimumVisualStudioVersion = 10.0.40219.1
Project("{9A19103F-16F7-4668-BE54-9A1E7A4F7556}") = "Proto2CSApp", "Proto2CSApp.csproj", "{661EB706-B1E3-4AC4-9F20-9910656C97ED}"
EndProject
Global
	GlobalSection(SolutionConfigurationPlatforms) = preSolution
		Debug|Any CPU = Debug|Any CPU
		Release|Any CPU = Release|Any CPU
	EndGlobalSection
	GlobalSection(ProjectConfigurationPlatforms) = postSolution
		{661EB706-B1E3-4AC4-9F20-9910656C97ED}.Debug|Any CPU.ActiveCfg = Debug|Any CPU
		{661EB706-B1E3-4AC4-9F20-9910656C97ED}.Debug|Any CPU.Build.0 = Debug|Any CPU
		{661EB706-B1E3-4AC4-9F20-9910656C97ED}.Release|Any CPU.ActiveCfg = Release|Any CPU
		{661EB706-B1E3-4AC4-9F20-9910656C97ED}.Release|Any CPU.Build.0 = Release|Any CPU
	EndGlobalSection
	GlobalSection(SolutionProperties) = preSolution
		HideSolutionNode = FALSE
	EndGlobalSection
	GlobalSection(ExtensibilityGlobals) = postSolution
		SolutionGuid = {19BFE853-F8BF-4D78-BFCA-910EA29602B2}
	EndGlobalSection
EndGlobal
