
Microsoft Visual Studio Solution File, Format Version 12.00
# Visual Studio Version 17
VisualStudioVersion = 17.0.32014.148
MinimumVisualStudioVersion = 10.0.40219.1
Project("{9A19103F-16F7-4668-BE54-9A1E7A4F7556}") = "Server.Launcher", "Server.Launcher\Server.Launcher.csproj", "{835335CB-D99B-4CB9-99D3-A7883306E723}"
EndProject
Project("{9A19103F-16F7-4668-BE54-9A1E7A4F7556}") = "Server.Core", "Server.Core\Server.Core.csproj", "{E3C7010E-B262-473C-9EC1-69396C5D85A7}"
EndProject
Project("{9A19103F-16F7-4668-BE54-9A1E7A4F7556}") = "Server.Hotfix", "Server.Hotfix\Server.Hotfix.csproj", "{E47F7B43-E435-4B9E-AD10-1FE0D19F45CF}"
EndProject
Project("{FAE04EC0-301F-11D3-BF4B-00C04F79EFBC}") = "Server.Config", "Server.Config\Server.Config.csproj", "{08B73D90-AB00-4B9D-AE3C-AB19E6D594F9}"
EndProject
Project("{FAE04EC0-301F-11D3-BF4B-00C04F79EFBC}") = "Server.DBServer", "Server.DBServer\Server.DBServer.csproj", "{CA28CC8F-B0CB-4343-8097-959625C98E9D}"
EndProject
Project("{FAE04EC0-301F-11D3-BF4B-00C04F79EFBC}") = "Server.Extension", "Server.Extension\Server.Extension.csproj", "{5184AC05-37C8-4E14-B27E-2C6F26E0CA64}"
EndProject
Project("{FAE04EC0-301F-11D3-BF4B-00C04F79EFBC}") = "Server.Utility", "Server.Utility\Server.Utility.csproj", "{4ACAEF41-C6E5-49FB-A5DB-8F5FF924E5EA}"
EndProject
Project("{FAE04EC0-301F-11D3-BF4B-00C04F79EFBC}") = "Server.Proto", "Server.Proto\Server.Proto.csproj", "{12AA7D1B-E3EB-4DC4-BEAA-0C7BC5047B0C}"
EndProject
Project("{FAE04EC0-301F-11D3-BF4B-00C04F79EFBC}") = "Server.Log", "Server.Log\Server.Log.csproj", "{F6900217-2499-4857-967E-220E53DFAD10}"
EndProject
Project("{FAE04EC0-301F-11D3-BF4B-00C04F79EFBC}") = "Server.Setting", "Server.Setting\Server.Setting.csproj", "{766F2A06-FFF5-44B4-89D2-99A566293B86}"
EndProject
Project("{FAE04EC0-301F-11D3-BF4B-00C04F79EFBC}") = "Server.Serialize", "Server.Serialize\Server.Serialize.csproj", "{551705D2-C054-4B86-807D-5F0EF6EF6579}"
EndProject
Project("{FAE04EC0-301F-11D3-BF4B-00C04F79EFBC}") = "Server.Apps", "Server.Apps\Server.Apps.csproj", "{EAA64025-FD7E-4E0F-92D1-AEBAC1A552BF}"
EndProject
Project("{FAE04EC0-301F-11D3-BF4B-00C04F79EFBC}") = "Server.NetWork", "Server.NetWork\Server.NetWork.csproj", "{D37EF2BA-A3A3-4D5F-897B-508735FF3E7F}"
EndProject
Project("{FAE04EC0-301F-11D3-BF4B-00C04F79EFBC}") = "Server.NetWork.HTTP", "Server.NetWork.HTTP\Server.NetWork.HTTP.csproj", "{145DF707-F163-42DB-860D-9885259CC1AF}"
EndProject
Project("{FAE04EC0-301F-11D3-BF4B-00C04F79EFBC}") = "Server.NetWork.WebSocket", "Server.NetWork.WebSocket\Server.NetWork.WebSocket.csproj", "{B0DAB38F-306D-47F6-AB2A-98F11231D816}"
EndProject
Project("{2150E333-8FDC-42A3-9474-1A3956D46DE8}") = "Solution Items", "Solution Items", "{5CA0010A-CD54-4964-98E9-BFEC341309B4}"
	ProjectSection(SolutionItems) = preProject
		docker-compose.yml = docker-compose.yml
		Dockerfile = Dockerfile
	EndProjectSection
EndProject
Project("{FAE04EC0-301F-11D3-BF4B-00C04F79EFBC}") = "Server.NetWork.TCPSocket", "Server.NetWork.TCPSocket\Server.NetWork.TCPSocket.csproj", "{22FD50C0-6F15-4627-96A4-F26A0F72675B}"
EndProject
Project("{FAE04EC0-301F-11D3-BF4B-00C04F79EFBC}") = "Server.DBServer.NoSql", "Server.DBServer.NoSql\Server.DBServer.NoSql.csproj", "{B01BFC0B-9BF4-498D-893F-84B4684978A7}"
EndProject
Project("{FAE04EC0-301F-11D3-BF4B-00C04F79EFBC}") = "Server.DBServer.NoSql.Redis", "Server.DBServer.NoSql.Redis\Server.DBServer.NoSql.Redis.csproj", "{3DAFFFD6-21DF-4A82-822A-91E5E0AEC997}"
EndProject
Project("{FAE04EC0-301F-11D3-BF4B-00C04F79EFBC}") = "Server.Tests", "Server.Tests\Server.Tests.csproj", "{762F0E9F-813B-40BD-B488-A7A6919A534E}"
EndProject
Project("{FAE04EC0-301F-11D3-BF4B-00C04F79EFBC}") = "Server.ProtoBuf.Net", "Server.ProtoBuf.Net\Server.ProtoBuf.Net.csproj", "{E487194B-7F38-43B2-8942-E55AD479F5DE}"
EndProject
Project("{FAE04EC0-301F-11D3-BF4B-00C04F79EFBC}") = "Server.NetWork.UDPSocket", "Server.NetWork.UDPSocket\Server.NetWork.UDPSocket.csproj", "{A63E01FA-5584-41ED-AC27-23204AEC7D9B}"
EndProject
Project("{FAE04EC0-301F-11D3-BF4B-00C04F79EFBC}") = "Server.NetWork.KCPSocket", "Server.NetWork.KCPSocket\Server.NetWork.KCPSocket.csproj", "{8C04DAD1-5FAF-4281-B33D-761E5769C1C1}"
EndProject
Project("{FAE04EC0-301F-11D3-BF4B-00C04F79EFBC}") = "Server.NetWork.RPCSocket", "Server.NetWork.RPCSocket\Server.NetWork.RPCSocket.csproj", "{B0F0C270-E4A2-4E66-A9BF-477603A63ACA}"
EndProject
Project("{FAE04EC0-301F-11D3-BF4B-00C04F79EFBC}") = "Server.EntryUtility", "Server.EntryUtility\Server.EntryUtility.csproj", "{C1AF76BF-A50D-4B00-801C-306E3A06C0A1}"
EndProject
Project("{FAE04EC0-301F-11D3-BF4B-00C04F79EFBC}") = "Server.NetWork.UdsSocket", "Server.NetWork.UdsSocket\Server.NetWork.UdsSocket.csproj", "{B5A61ABE-EEB5-4BB8-8328-C99648DD7939}"
EndProject
Project("{FAE04EC0-301F-11D3-BF4B-00C04F79EFBC}") = "Server.ServerManager", "Server.ServerManager\Server.ServerManager.csproj", "{0C904924-63CD-4154-B776-DD0C4ED7F158}"
EndProject
Project("{FAE04EC0-301F-11D3-BF4B-00C04F79EFBC}") = "Server.Cache", "Server.Cache\Server.Cache.csproj", "{4222D174-D8B5-45C5-B17D-E01D644FE003}"
EndProject
Project("{FAE04EC0-301F-11D3-BF4B-00C04F79EFBC}") = "Server.Cache.Memory", "Server.Cache.Memory\Server.Cache.Memory.csproj", "{55189891-1A7A-4909-AB12-3EF761E66C66}"
EndProject
Global
	GlobalSection(SolutionConfigurationPlatforms) = preSolution
		Debug|Any CPU = Debug|Any CPU
		Release|Any CPU = Release|Any CPU
	EndGlobalSection
	GlobalSection(ProjectConfigurationPlatforms) = postSolution
		{835335CB-D99B-4CB9-99D3-A7883306E723}.Debug|Any CPU.ActiveCfg = Debug|Any CPU
		{835335CB-D99B-4CB9-99D3-A7883306E723}.Debug|Any CPU.Build.0 = Debug|Any CPU
		{835335CB-D99B-4CB9-99D3-A7883306E723}.Release|Any CPU.ActiveCfg = Release|Any CPU
		{835335CB-D99B-4CB9-99D3-A7883306E723}.Release|Any CPU.Build.0 = Release|Any CPU
		{E3C7010E-B262-473C-9EC1-69396C5D85A7}.Debug|Any CPU.ActiveCfg = Debug|Any CPU
		{E3C7010E-B262-473C-9EC1-69396C5D85A7}.Debug|Any CPU.Build.0 = Debug|Any CPU
		{E3C7010E-B262-473C-9EC1-69396C5D85A7}.Release|Any CPU.ActiveCfg = Release|Any CPU
		{E3C7010E-B262-473C-9EC1-69396C5D85A7}.Release|Any CPU.Build.0 = Release|Any CPU
		{E47F7B43-E435-4B9E-AD10-1FE0D19F45CF}.Debug|Any CPU.ActiveCfg = Debug|Any CPU
		{E47F7B43-E435-4B9E-AD10-1FE0D19F45CF}.Debug|Any CPU.Build.0 = Debug|Any CPU
		{E47F7B43-E435-4B9E-AD10-1FE0D19F45CF}.Release|Any CPU.ActiveCfg = Release|Any CPU
		{E47F7B43-E435-4B9E-AD10-1FE0D19F45CF}.Release|Any CPU.Build.0 = Release|Any CPU
		{08B73D90-AB00-4B9D-AE3C-AB19E6D594F9}.Debug|Any CPU.ActiveCfg = Debug|Any CPU
		{08B73D90-AB00-4B9D-AE3C-AB19E6D594F9}.Debug|Any CPU.Build.0 = Debug|Any CPU
		{08B73D90-AB00-4B9D-AE3C-AB19E6D594F9}.Release|Any CPU.ActiveCfg = Release|Any CPU
		{08B73D90-AB00-4B9D-AE3C-AB19E6D594F9}.Release|Any CPU.Build.0 = Release|Any CPU
		{CA28CC8F-B0CB-4343-8097-959625C98E9D}.Debug|Any CPU.ActiveCfg = Debug|Any CPU
		{CA28CC8F-B0CB-4343-8097-959625C98E9D}.Debug|Any CPU.Build.0 = Debug|Any CPU
		{CA28CC8F-B0CB-4343-8097-959625C98E9D}.Release|Any CPU.ActiveCfg = Release|Any CPU
		{CA28CC8F-B0CB-4343-8097-959625C98E9D}.Release|Any CPU.Build.0 = Release|Any CPU
		{5184AC05-37C8-4E14-B27E-2C6F26E0CA64}.Debug|Any CPU.ActiveCfg = Debug|Any CPU
		{5184AC05-37C8-4E14-B27E-2C6F26E0CA64}.Debug|Any CPU.Build.0 = Debug|Any CPU
		{5184AC05-37C8-4E14-B27E-2C6F26E0CA64}.Release|Any CPU.ActiveCfg = Release|Any CPU
		{5184AC05-37C8-4E14-B27E-2C6F26E0CA64}.Release|Any CPU.Build.0 = Release|Any CPU
		{4ACAEF41-C6E5-49FB-A5DB-8F5FF924E5EA}.Debug|Any CPU.ActiveCfg = Debug|Any CPU
		{4ACAEF41-C6E5-49FB-A5DB-8F5FF924E5EA}.Debug|Any CPU.Build.0 = Debug|Any CPU
		{4ACAEF41-C6E5-49FB-A5DB-8F5FF924E5EA}.Release|Any CPU.ActiveCfg = Release|Any CPU
		{4ACAEF41-C6E5-49FB-A5DB-8F5FF924E5EA}.Release|Any CPU.Build.0 = Release|Any CPU
		{12AA7D1B-E3EB-4DC4-BEAA-0C7BC5047B0C}.Debug|Any CPU.ActiveCfg = Debug|Any CPU
		{12AA7D1B-E3EB-4DC4-BEAA-0C7BC5047B0C}.Debug|Any CPU.Build.0 = Debug|Any CPU
		{12AA7D1B-E3EB-4DC4-BEAA-0C7BC5047B0C}.Release|Any CPU.ActiveCfg = Release|Any CPU
		{12AA7D1B-E3EB-4DC4-BEAA-0C7BC5047B0C}.Release|Any CPU.Build.0 = Release|Any CPU
		{F6900217-2499-4857-967E-220E53DFAD10}.Debug|Any CPU.ActiveCfg = Debug|Any CPU
		{F6900217-2499-4857-967E-220E53DFAD10}.Debug|Any CPU.Build.0 = Debug|Any CPU
		{F6900217-2499-4857-967E-220E53DFAD10}.Release|Any CPU.ActiveCfg = Release|Any CPU
		{F6900217-2499-4857-967E-220E53DFAD10}.Release|Any CPU.Build.0 = Release|Any CPU
		{766F2A06-FFF5-44B4-89D2-99A566293B86}.Debug|Any CPU.ActiveCfg = Debug|Any CPU
		{766F2A06-FFF5-44B4-89D2-99A566293B86}.Debug|Any CPU.Build.0 = Debug|Any CPU
		{766F2A06-FFF5-44B4-89D2-99A566293B86}.Release|Any CPU.ActiveCfg = Release|Any CPU
		{766F2A06-FFF5-44B4-89D2-99A566293B86}.Release|Any CPU.Build.0 = Release|Any CPU
		{551705D2-C054-4B86-807D-5F0EF6EF6579}.Debug|Any CPU.ActiveCfg = Debug|Any CPU
		{551705D2-C054-4B86-807D-5F0EF6EF6579}.Debug|Any CPU.Build.0 = Debug|Any CPU
		{551705D2-C054-4B86-807D-5F0EF6EF6579}.Release|Any CPU.ActiveCfg = Release|Any CPU
		{551705D2-C054-4B86-807D-5F0EF6EF6579}.Release|Any CPU.Build.0 = Release|Any CPU
		{EAA64025-FD7E-4E0F-92D1-AEBAC1A552BF}.Debug|Any CPU.ActiveCfg = Debug|Any CPU
		{EAA64025-FD7E-4E0F-92D1-AEBAC1A552BF}.Debug|Any CPU.Build.0 = Debug|Any CPU
		{EAA64025-FD7E-4E0F-92D1-AEBAC1A552BF}.Release|Any CPU.ActiveCfg = Release|Any CPU
		{EAA64025-FD7E-4E0F-92D1-AEBAC1A552BF}.Release|Any CPU.Build.0 = Release|Any CPU
		{D37EF2BA-A3A3-4D5F-897B-508735FF3E7F}.Debug|Any CPU.ActiveCfg = Debug|Any CPU
		{D37EF2BA-A3A3-4D5F-897B-508735FF3E7F}.Debug|Any CPU.Build.0 = Debug|Any CPU
		{D37EF2BA-A3A3-4D5F-897B-508735FF3E7F}.Release|Any CPU.ActiveCfg = Release|Any CPU
		{D37EF2BA-A3A3-4D5F-897B-508735FF3E7F}.Release|Any CPU.Build.0 = Release|Any CPU
		{145DF707-F163-42DB-860D-9885259CC1AF}.Debug|Any CPU.ActiveCfg = Debug|Any CPU
		{145DF707-F163-42DB-860D-9885259CC1AF}.Debug|Any CPU.Build.0 = Debug|Any CPU
		{145DF707-F163-42DB-860D-9885259CC1AF}.Release|Any CPU.ActiveCfg = Release|Any CPU
		{145DF707-F163-42DB-860D-9885259CC1AF}.Release|Any CPU.Build.0 = Release|Any CPU
		{B0DAB38F-306D-47F6-AB2A-98F11231D816}.Debug|Any CPU.ActiveCfg = Debug|Any CPU
		{B0DAB38F-306D-47F6-AB2A-98F11231D816}.Debug|Any CPU.Build.0 = Debug|Any CPU
		{B0DAB38F-306D-47F6-AB2A-98F11231D816}.Release|Any CPU.ActiveCfg = Release|Any CPU
		{B0DAB38F-306D-47F6-AB2A-98F11231D816}.Release|Any CPU.Build.0 = Release|Any CPU
		{22FD50C0-6F15-4627-96A4-F26A0F72675B}.Debug|Any CPU.ActiveCfg = Debug|Any CPU
		{22FD50C0-6F15-4627-96A4-F26A0F72675B}.Debug|Any CPU.Build.0 = Debug|Any CPU
		{22FD50C0-6F15-4627-96A4-F26A0F72675B}.Release|Any CPU.ActiveCfg = Release|Any CPU
		{22FD50C0-6F15-4627-96A4-F26A0F72675B}.Release|Any CPU.Build.0 = Release|Any CPU
		{B01BFC0B-9BF4-498D-893F-84B4684978A7}.Debug|Any CPU.ActiveCfg = Debug|Any CPU
		{B01BFC0B-9BF4-498D-893F-84B4684978A7}.Debug|Any CPU.Build.0 = Debug|Any CPU
		{B01BFC0B-9BF4-498D-893F-84B4684978A7}.Release|Any CPU.ActiveCfg = Release|Any CPU
		{B01BFC0B-9BF4-498D-893F-84B4684978A7}.Release|Any CPU.Build.0 = Release|Any CPU
		{3DAFFFD6-21DF-4A82-822A-91E5E0AEC997}.Debug|Any CPU.ActiveCfg = Debug|Any CPU
		{3DAFFFD6-21DF-4A82-822A-91E5E0AEC997}.Debug|Any CPU.Build.0 = Debug|Any CPU
		{3DAFFFD6-21DF-4A82-822A-91E5E0AEC997}.Release|Any CPU.ActiveCfg = Release|Any CPU
		{3DAFFFD6-21DF-4A82-822A-91E5E0AEC997}.Release|Any CPU.Build.0 = Release|Any CPU
		{762F0E9F-813B-40BD-B488-A7A6919A534E}.Debug|Any CPU.ActiveCfg = Debug|Any CPU
		{762F0E9F-813B-40BD-B488-A7A6919A534E}.Debug|Any CPU.Build.0 = Debug|Any CPU
		{762F0E9F-813B-40BD-B488-A7A6919A534E}.Release|Any CPU.ActiveCfg = Release|Any CPU
		{762F0E9F-813B-40BD-B488-A7A6919A534E}.Release|Any CPU.Build.0 = Release|Any CPU
		{E487194B-7F38-43B2-8942-E55AD479F5DE}.Debug|Any CPU.ActiveCfg = Debug|Any CPU
		{E487194B-7F38-43B2-8942-E55AD479F5DE}.Debug|Any CPU.Build.0 = Debug|Any CPU
		{E487194B-7F38-43B2-8942-E55AD479F5DE}.Release|Any CPU.ActiveCfg = Release|Any CPU
		{E487194B-7F38-43B2-8942-E55AD479F5DE}.Release|Any CPU.Build.0 = Release|Any CPU
		{A63E01FA-5584-41ED-AC27-23204AEC7D9B}.Debug|Any CPU.ActiveCfg = Debug|Any CPU
		{A63E01FA-5584-41ED-AC27-23204AEC7D9B}.Debug|Any CPU.Build.0 = Debug|Any CPU
		{A63E01FA-5584-41ED-AC27-23204AEC7D9B}.Release|Any CPU.ActiveCfg = Release|Any CPU
		{A63E01FA-5584-41ED-AC27-23204AEC7D9B}.Release|Any CPU.Build.0 = Release|Any CPU
		{8C04DAD1-5FAF-4281-B33D-761E5769C1C1}.Debug|Any CPU.ActiveCfg = Debug|Any CPU
		{8C04DAD1-5FAF-4281-B33D-761E5769C1C1}.Debug|Any CPU.Build.0 = Debug|Any CPU
		{8C04DAD1-5FAF-4281-B33D-761E5769C1C1}.Release|Any CPU.ActiveCfg = Release|Any CPU
		{8C04DAD1-5FAF-4281-B33D-761E5769C1C1}.Release|Any CPU.Build.0 = Release|Any CPU
		{B0F0C270-E4A2-4E66-A9BF-477603A63ACA}.Debug|Any CPU.ActiveCfg = Debug|Any CPU
		{B0F0C270-E4A2-4E66-A9BF-477603A63ACA}.Debug|Any CPU.Build.0 = Debug|Any CPU
		{B0F0C270-E4A2-4E66-A9BF-477603A63ACA}.Release|Any CPU.ActiveCfg = Release|Any CPU
		{B0F0C270-E4A2-4E66-A9BF-477603A63ACA}.Release|Any CPU.Build.0 = Release|Any CPU
		{C1AF76BF-A50D-4B00-801C-306E3A06C0A1}.Debug|Any CPU.ActiveCfg = Debug|Any CPU
		{C1AF76BF-A50D-4B00-801C-306E3A06C0A1}.Debug|Any CPU.Build.0 = Debug|Any CPU
		{C1AF76BF-A50D-4B00-801C-306E3A06C0A1}.Release|Any CPU.ActiveCfg = Release|Any CPU
		{C1AF76BF-A50D-4B00-801C-306E3A06C0A1}.Release|Any CPU.Build.0 = Release|Any CPU
		{B5A61ABE-EEB5-4BB8-8328-C99648DD7939}.Debug|Any CPU.ActiveCfg = Debug|Any CPU
		{B5A61ABE-EEB5-4BB8-8328-C99648DD7939}.Debug|Any CPU.Build.0 = Debug|Any CPU
		{B5A61ABE-EEB5-4BB8-8328-C99648DD7939}.Release|Any CPU.ActiveCfg = Release|Any CPU
		{B5A61ABE-EEB5-4BB8-8328-C99648DD7939}.Release|Any CPU.Build.0 = Release|Any CPU
		{0C904924-63CD-4154-B776-DD0C4ED7F158}.Debug|Any CPU.ActiveCfg = Debug|Any CPU
		{0C904924-63CD-4154-B776-DD0C4ED7F158}.Debug|Any CPU.Build.0 = Debug|Any CPU
		{0C904924-63CD-4154-B776-DD0C4ED7F158}.Release|Any CPU.ActiveCfg = Release|Any CPU
		{0C904924-63CD-4154-B776-DD0C4ED7F158}.Release|Any CPU.Build.0 = Release|Any CPU
		{4222D174-D8B5-45C5-B17D-E01D644FE003}.Debug|Any CPU.ActiveCfg = Debug|Any CPU
		{4222D174-D8B5-45C5-B17D-E01D644FE003}.Debug|Any CPU.Build.0 = Debug|Any CPU
		{4222D174-D8B5-45C5-B17D-E01D644FE003}.Release|Any CPU.ActiveCfg = Release|Any CPU
		{4222D174-D8B5-45C5-B17D-E01D644FE003}.Release|Any CPU.Build.0 = Release|Any CPU
		{55189891-1A7A-4909-AB12-3EF761E66C66}.Debug|Any CPU.ActiveCfg = Debug|Any CPU
		{55189891-1A7A-4909-AB12-3EF761E66C66}.Debug|Any CPU.Build.0 = Debug|Any CPU
		{55189891-1A7A-4909-AB12-3EF761E66C66}.Release|Any CPU.ActiveCfg = Release|Any CPU
		{55189891-1A7A-4909-AB12-3EF761E66C66}.Release|Any CPU.Build.0 = Release|Any CPU
	EndGlobalSection
	GlobalSection(SolutionProperties) = preSolution
		HideSolutionNode = FALSE
	EndGlobalSection
	GlobalSection(ExtensibilityGlobals) = postSolution
		SolutionGuid = {7DFBA9A0-D615-4A16-B856-216DEA0DD25D}
	EndGlobalSection
EndGlobal
