
Microsoft Visual Studio Solution File, Format Version 12.00
# Visual Studio Version 17
VisualStudioVersion = 17.0.32014.148
MinimumVisualStudioVersion = 10.0.40219.1
Project("{9A19103F-16F7-4668-BE54-9A1E7A4F7556}") = "GameFrameX.Launcher", "GameFrameX.Launcher\GameFrameX.Launcher.csproj", "{835335CB-D99B-4CB9-99D3-A7883306E723}"
EndProject
Project("{9A19103F-16F7-4668-BE54-9A1E7A4F7556}") = "GameFrameX.Hotfix", "GameFrameX.Hotfix\GameFrameX.Hotfix.csproj", "{E47F7B43-E435-4B9E-AD10-1FE0D19F45CF}"
EndProject
Project("{FAE04EC0-301F-11D3-BF4B-00C04F79EFBC}") = "GameFrameX.Config", "GameFrameX.Config\GameFrameX.Config.csproj", "{08B73D90-AB00-4B9D-AE3C-AB19E6D594F9}"
EndProject
Project("{FAE04EC0-301F-11D3-BF4B-00C04F79EFBC}") = "GameFrameX.Proto", "GameFrameX.Proto\GameFrameX.Proto.csproj", "{12AA7D1B-E3EB-4DC4-BEAA-0C7BC5047B0C}"
EndProject
Project("{FAE04EC0-301F-11D3-BF4B-00C04F79EFBC}") = "GameFrameX.Apps", "GameFrameX.Apps\GameFrameX.Apps.csproj", "{EAA64025-FD7E-4E0F-92D1-AEBAC1A552BF}"
EndProject
Project("{2150E333-8FDC-42A3-9474-1A3956D46DE8}") = "Solution Items", "Solution Items", "{5CA0010A-CD54-4964-98E9-BFEC341309B4}"
	ProjectSection(SolutionItems) = preProject
		docker-compose.yml = docker-compose.yml
		Dockerfile = Dockerfile
		logo.png = logo.png
		README.md = README.md
	EndProjectSection
EndProject
Project("{FAE04EC0-301F-11D3-BF4B-00C04F79EFBC}") = "GameFrameX.Architecture.Analyzers", "GameFrameX.Architecture.Analyzers\GameFrameX.Architecture.Analyzers.csproj", "{B973B133-20C6-4E43-AE76-99D845F93E6E}"
EndProject
Project("{FAE04EC0-301F-11D3-BF4B-00C04F79EFBC}") = "GameFrameX.Hotfix.Tests", "GameFrameX.Hotfix.Tests\GameFrameX.Hotfix.Tests.csproj", "{B216586B-DCF1-4492-90E3-34F0BE57BCD9}"
EndProject
Global
	GlobalSection(SolutionConfigurationPlatforms) = preSolution
		Debug|Any CPU = Debug|Any CPU
		Release|Any CPU = Release|Any CPU
	EndGlobalSection
	GlobalSection(ProjectConfigurationPlatforms) = postSolution
		{835335CB-D99B-4CB9-99D3-A7883306E723}.Debug|Any CPU.ActiveCfg = Debug|Any CPU
		{835335CB-D99B-4CB9-99D3-A7883306E723}.Debug|Any CPU.Build.0 = Debug|Any CPU
		{835335CB-D99B-4CB9-99D3-A7883306E723}.Release|Any CPU.ActiveCfg = Release|Any CPU
		{835335CB-D99B-4CB9-99D3-A7883306E723}.Release|Any CPU.Build.0 = Release|Any CPU
		{E47F7B43-E435-4B9E-AD10-1FE0D19F45CF}.Debug|Any CPU.ActiveCfg = Debug|Any CPU
		{E47F7B43-E435-4B9E-AD10-1FE0D19F45CF}.Debug|Any CPU.Build.0 = Debug|Any CPU
		{E47F7B43-E435-4B9E-AD10-1FE0D19F45CF}.Release|Any CPU.ActiveCfg = Release|Any CPU
		{E47F7B43-E435-4B9E-AD10-1FE0D19F45CF}.Release|Any CPU.Build.0 = Release|Any CPU
		{08B73D90-AB00-4B9D-AE3C-AB19E6D594F9}.Debug|Any CPU.ActiveCfg = Debug|Any CPU
		{08B73D90-AB00-4B9D-AE3C-AB19E6D594F9}.Debug|Any CPU.Build.0 = Debug|Any CPU
		{08B73D90-AB00-4B9D-AE3C-AB19E6D594F9}.Release|Any CPU.ActiveCfg = Release|Any CPU
		{08B73D90-AB00-4B9D-AE3C-AB19E6D594F9}.Release|Any CPU.Build.0 = Release|Any CPU
		{12AA7D1B-E3EB-4DC4-BEAA-0C7BC5047B0C}.Debug|Any CPU.ActiveCfg = Debug|Any CPU
		{12AA7D1B-E3EB-4DC4-BEAA-0C7BC5047B0C}.Debug|Any CPU.Build.0 = Debug|Any CPU
		{12AA7D1B-E3EB-4DC4-BEAA-0C7BC5047B0C}.Release|Any CPU.ActiveCfg = Release|Any CPU
		{12AA7D1B-E3EB-4DC4-BEAA-0C7BC5047B0C}.Release|Any CPU.Build.0 = Release|Any CPU
		{EAA64025-FD7E-4E0F-92D1-AEBAC1A552BF}.Debug|Any CPU.ActiveCfg = Debug|Any CPU
		{EAA64025-FD7E-4E0F-92D1-AEBAC1A552BF}.Debug|Any CPU.Build.0 = Debug|Any CPU
		{EAA64025-FD7E-4E0F-92D1-AEBAC1A552BF}.Release|Any CPU.ActiveCfg = Release|Any CPU
		{EAA64025-FD7E-4E0F-92D1-AEBAC1A552BF}.Release|Any CPU.Build.0 = Release|Any CPU
		{B973B133-20C6-4E43-AE76-99D845F93E6E}.Debug|Any CPU.ActiveCfg = Debug|Any CPU
		{B973B133-20C6-4E43-AE76-99D845F93E6E}.Debug|Any CPU.Build.0 = Debug|Any CPU
		{B973B133-20C6-4E43-AE76-99D845F93E6E}.Release|Any CPU.ActiveCfg = Release|Any CPU
		{B973B133-20C6-4E43-AE76-99D845F93E6E}.Release|Any CPU.Build.0 = Release|Any CPU
		{B216586B-DCF1-4492-90E3-34F0BE57BCD9}.Debug|Any CPU.ActiveCfg = Debug|Any CPU
		{B216586B-DCF1-4492-90E3-34F0BE57BCD9}.Debug|Any CPU.Build.0 = Debug|Any CPU
		{B216586B-DCF1-4492-90E3-34F0BE57BCD9}.Release|Any CPU.ActiveCfg = Release|Any CPU
		{B216586B-DCF1-4492-90E3-34F0BE57BCD9}.Release|Any CPU.Build.0 = Release|Any CPU
	EndGlobalSection
	GlobalSection(SolutionProperties) = preSolution
		HideSolutionNode = FALSE
	EndGlobalSection
	GlobalSection(ExtensibilityGlobals) = postSolution
		SolutionGuid = {7DFBA9A0-D615-4A16-B856-216DEA0DD25D}
	EndGlobalSection
	GlobalSection(NestedProjects) = preSolution
	EndGlobalSection
EndGlobal
