
Microsoft Visual Studio Solution File, Format Version 12.00
# Visual Studio Version 17
VisualStudioVersion = 17.2.32519.379
MinimumVisualStudioVersion = 10.0.40219.1
Project("{9A19103F-16F7-4668-BE54-9A1E7A4F7556}") = "ExcelToCode", "ExcelToCode\ExcelToCode.csproj", "{19EBE99B-FD27-48EC-A21F-8207EA92AD43}"
EndProject
Project("{9A19103F-16F7-4668-BE54-9A1E7A4F7556}") = "Test", "Test\Test.csproj", "{F4C09DDC-B49F-40DF-813B-F2A7B6C192DC}"
EndProject
Global
	GlobalSection(SolutionConfigurationPlatforms) = preSolution
		Debug|Any CPU = Debug|Any CPU
		Release|Any CPU = Release|Any CPU
	EndGlobalSection
	GlobalSection(ProjectConfigurationPlatforms) = postSolution
		{19EBE99B-FD27-48EC-A21F-8207EA92AD43}.Debug|Any CPU.ActiveCfg = Debug|Any CPU
		{19EBE99B-FD27-48EC-A21F-8207EA92AD43}.Debug|Any CPU.Build.0 = Debug|Any CPU
		{19EBE99B-FD27-48EC-A21F-8207EA92AD43}.Release|Any CPU.ActiveCfg = Release|Any CPU
		{19EBE99B-FD27-48EC-A21F-8207EA92AD43}.Release|Any CPU.Build.0 = Release|Any CPU
		{F4C09DDC-B49F-40DF-813B-F2A7B6C192DC}.Debug|Any CPU.ActiveCfg = Debug|Any CPU
		{F4C09DDC-B49F-40DF-813B-F2A7B6C192DC}.Debug|Any CPU.Build.0 = Debug|Any CPU
		{F4C09DDC-B49F-40DF-813B-F2A7B6C192DC}.Release|Any CPU.ActiveCfg = Release|Any CPU
		{F4C09DDC-B49F-40DF-813B-F2A7B6C192DC}.Release|Any CPU.Build.0 = Release|Any CPU
	EndGlobalSection
	GlobalSection(SolutionProperties) = preSolution
		HideSolutionNode = FALSE
	EndGlobalSection
	GlobalSection(ExtensibilityGlobals) = postSolution
		SolutionGuid = {CDCBE5D6-959B-4CC5-BFC8-2DA559C174C9}
	EndGlobalSection
EndGlobal
